// !$*UTF8*$!
{
	archiveVersion = 1;
	classes = {
	};
	objectVersion = 51;
	objects = {

/* Begin PBXBuildFile section */
		1E2FF1546157D88382A90D0A /* Pods_PoseStudy_PoseStudyUITests.framework in Frameworks */ = {isa = PBXBuildFile; fileRef = BE9A3FA94F4463C0C2F8DDFF /* Pods_PoseStudy_PoseStudyUITests.framework */; };
		7336A31B256E790D00CB090D /* PoseStudyApp.swift in Sources */ = {isa = PBXBuildFile; fileRef = 7336A31A256E790D00CB090D /* PoseStudyApp.swift */; };
		7336A31D256E790D00CB090D /* WelcomeView.swift in Sources */ = {isa = PBXBuildFile; fileRef = 7336A31C256E790D00CB090D /* WelcomeView.swift */; };
		7336A31F256E790F00CB090D /* Assets.xcassets in Resources */ = {isa = PBXBuildFile; fileRef = 7336A31E256E790F00CB090D /* Assets.xcassets */; };
		7336A322256E790F00CB090D /* Preview Assets.xcassets in Resources */ = {isa = PBXBuildFile; fileRef = 7336A321256E790F00CB090D /* Preview Assets.xcassets */; };
		7336A32D256E790F00CB090D /* PoseStudyTests.swift in Sources */ = {isa = PBXBuildFile; fileRef = 7336A32C256E790F00CB090D /* PoseStudyTests.swift */; };
		7336A338256E790F00CB090D /* PoseStudyUITests.swift in Sources */ = {isa = PBXBuildFile; fileRef = 7336A337256E790F00CB090D /* PoseStudyUITests.swift */; };
		7362BC822589E98700330783 /* PolarBleSdk.framework in Frameworks */ = {isa = PBXBuildFile; fileRef = 73DDC02A2587671700B864AA /* PolarBleSdk.framework */; };
		7362BC832589E98700330783 /* PolarBleSdk.framework in Embed Frameworks */ = {isa = PBXBuildFile; fileRef = 73DDC02A2587671700B864AA /* PolarBleSdk.framework */; settings = {ATTRIBUTES = (CodeSignOnCopy, RemoveHeadersOnCopy, ); }; };
		7362BC882589E99500330783 /* RxSwift.framework in Frameworks */ = {isa = PBXBuildFile; fileRef = 73DDC0302587672200B864AA /* RxSwift.framework */; };
		7362BC892589E99500330783 /* RxSwift.framework in Embed Frameworks */ = {isa = PBXBuildFile; fileRef = 73DDC0302587672200B864AA /* RxSwift.framework */; settings = {ATTRIBUTES = (CodeSignOnCopy, RemoveHeadersOnCopy, ); }; };
		737328202572EE6D0081FCA2 /* CameraView.swift in Sources */ = {isa = PBXBuildFile; fileRef = 7373281F2572EE6D0081FCA2 /* CameraView.swift */; };
		737328542574E3CF0081FCA2 /* CameraModel.swift in Sources */ = {isa = PBXBuildFile; fileRef = 737328532574E3CF0081FCA2 /* CameraModel.swift */; };
		737328592574E50F0081FCA2 /* CameraRepresentable.swift in Sources */ = {isa = PBXBuildFile; fileRef = 737328582574E50F0081FCA2 /* CameraRepresentable.swift */; };
		737328C525754B6B0081FCA2 /* GoogleService-Info.plist in Resources */ = {isa = PBXBuildFile; fileRef = 737328C425754B6B0081FCA2 /* GoogleService-Info.plist */; };
		7382394A257E94C400E23A8B /* Test.swift in Sources */ = {isa = PBXBuildFile; fileRef = 73823949257E94C400E23A8B /* Test.swift */; };
		7392A6942588ECB00079AEDE /* Extensions.swift in Sources */ = {isa = PBXBuildFile; fileRef = 7392A6932588ECB00079AEDE /* Extensions.swift */; };
		739B9DE8256FEFA100CE1F4A /* HealthFormView.swift in Sources */ = {isa = PBXBuildFile; fileRef = 739B9DE7256FEFA100CE1F4A /* HealthFormView.swift */; };
		73A2BF7E256ED2DB00A592E3 /* InstructionView.swift in Sources */ = {isa = PBXBuildFile; fileRef = 73A2BF7D256ED2DB00A592E3 /* InstructionView.swift */; };
		73D6030C25778A9B00ABC437 /* CardView.swift in Sources */ = {isa = PBXBuildFile; fileRef = 73D6030B25778A9B00ABC437 /* CardView.swift */; };
		73D603112577C4AB00ABC437 /* Buttons.swift in Sources */ = {isa = PBXBuildFile; fileRef = 73D603102577C4AB00ABC437 /* Buttons.swift */; };
		73D6031F2577D5AA00ABC437 /* PauseView.swift in Sources */ = {isa = PBXBuildFile; fileRef = 73D6031E2577D5AA00ABC437 /* PauseView.swift */; };
		73D60327257E62CB00ABC437 /* FinishScreen.swift in Sources */ = {isa = PBXBuildFile; fileRef = 73D60326257E62CB00ABC437 /* FinishScreen.swift */; };
		73DDC0C12587767E00B864AA /* PolarApiWrapper.swift in Sources */ = {isa = PBXBuildFile; fileRef = 73DDC0C02587767E00B864AA /* PolarApiWrapper.swift */; };
		73F92244256E87B80005D25F /* Style.swift in Sources */ = {isa = PBXBuildFile; fileRef = 73F92243256E87B80005D25F /* Style.swift */; };
		73F9224C256E89BC0005D25F /* DemographicFormView.swift in Sources */ = {isa = PBXBuildFile; fileRef = 73F9224B256E89BC0005D25F /* DemographicFormView.swift */; };
		73F9226E256EC2F50005D25F /* WarmUpView.swift in Sources */ = {isa = PBXBuildFile; fileRef = 73F9226D256EC2F50005D25F /* WarmUpView.swift */; };
		9118141F8B014547EDB207F8 /* Pods_PoseStudyTests.framework in Frameworks */ = {isa = PBXBuildFile; fileRef = 7FAD7612A66F668D26824F3C /* Pods_PoseStudyTests.framework */; };
		E6E701C2EBBFE964F01BAA97 /* Pods_PoseStudy.framework in Frameworks */ = {isa = PBXBuildFile; fileRef = 46EC5516776EF4DE30CDB32C /* Pods_PoseStudy.framework */; };
/* End PBXBuildFile section */

/* Begin PBXContainerItemProxy section */
		7336A329256E790F00CB090D /* PBXContainerItemProxy */ = {
			isa = PBXContainerItemProxy;
			containerPortal = 7336A30F256E790D00CB090D /* Project object */;
			proxyType = 1;
			remoteGlobalIDString = 7336A316256E790D00CB090D;
			remoteInfo = PoseStudy;
		};
		7336A334256E790F00CB090D /* PBXContainerItemProxy */ = {
			isa = PBXContainerItemProxy;
			containerPortal = 7336A30F256E790D00CB090D /* Project object */;
			proxyType = 1;
			remoteGlobalIDString = 7336A316256E790D00CB090D;
			remoteInfo = PoseStudy;
		};
/* End PBXContainerItemProxy section */

/* Begin PBXCopyFilesBuildPhase section */
		73DDC02D2587671800B864AA /* Embed Frameworks */ = {
			isa = PBXCopyFilesBuildPhase;
			buildActionMask = 2147483647;
			dstPath = "";
			dstSubfolderSpec = 10;
			files = (
				7362BC892589E99500330783 /* RxSwift.framework in Embed Frameworks */,
				7362BC832589E98700330783 /* PolarBleSdk.framework in Embed Frameworks */,
			);
			name = "Embed Frameworks";
			runOnlyForDeploymentPostprocessing = 0;
		};
/* End PBXCopyFilesBuildPhase section */

/* Begin PBXFileReference section */
		17A881476E8ABA90C92891C2 /* Pods-PoseStudyTests.debug.xcconfig */ = {isa = PBXFileReference; includeInIndex = 1; lastKnownFileType = text.xcconfig; name = "Pods-PoseStudyTests.debug.xcconfig"; path = "Target Support Files/Pods-PoseStudyTests/Pods-PoseStudyTests.debug.xcconfig"; sourceTree = "<group>"; };
		32415346BFA81D66A2B13266 /* Pods-PoseStudy.release.xcconfig */ = {isa = PBXFileReference; includeInIndex = 1; lastKnownFileType = text.xcconfig; name = "Pods-PoseStudy.release.xcconfig"; path = "Target Support Files/Pods-PoseStudy/Pods-PoseStudy.release.xcconfig"; sourceTree = "<group>"; };
		46EC5516776EF4DE30CDB32C /* Pods_PoseStudy.framework */ = {isa = PBXFileReference; explicitFileType = wrapper.framework; includeInIndex = 0; path = Pods_PoseStudy.framework; sourceTree = BUILT_PRODUCTS_DIR; };
		4D27C80B0DE6BECAD02604E4 /* Pods-PoseStudy.debug.xcconfig */ = {isa = PBXFileReference; includeInIndex = 1; lastKnownFileType = text.xcconfig; name = "Pods-PoseStudy.debug.xcconfig"; path = "Target Support Files/Pods-PoseStudy/Pods-PoseStudy.debug.xcconfig"; sourceTree = "<group>"; };
		53F9631E8BA18FE477F2A71C /* Pods-PoseStudyTests.release.xcconfig */ = {isa = PBXFileReference; includeInIndex = 1; lastKnownFileType = text.xcconfig; name = "Pods-PoseStudyTests.release.xcconfig"; path = "Target Support Files/Pods-PoseStudyTests/Pods-PoseStudyTests.release.xcconfig"; sourceTree = "<group>"; };
		7336A317256E790D00CB090D /* PoseStudy.app */ = {isa = PBXFileReference; explicitFileType = wrapper.application; includeInIndex = 0; path = PoseStudy.app; sourceTree = BUILT_PRODUCTS_DIR; };
		7336A31A256E790D00CB090D /* PoseStudyApp.swift */ = {isa = PBXFileReference; lastKnownFileType = sourcecode.swift; path = PoseStudyApp.swift; sourceTree = "<group>"; };
		7336A31C256E790D00CB090D /* WelcomeView.swift */ = {isa = PBXFileReference; lastKnownFileType = sourcecode.swift; path = WelcomeView.swift; sourceTree = "<group>"; };
		7336A31E256E790F00CB090D /* Assets.xcassets */ = {isa = PBXFileReference; lastKnownFileType = folder.assetcatalog; path = Assets.xcassets; sourceTree = "<group>"; };
		7336A321256E790F00CB090D /* Preview Assets.xcassets */ = {isa = PBXFileReference; lastKnownFileType = folder.assetcatalog; path = "Preview Assets.xcassets"; sourceTree = "<group>"; };
		7336A323256E790F00CB090D /* Info.plist */ = {isa = PBXFileReference; lastKnownFileType = text.plist.xml; path = Info.plist; sourceTree = "<group>"; };
		7336A328256E790F00CB090D /* PoseStudyTests.xctest */ = {isa = PBXFileReference; explicitFileType = wrapper.cfbundle; includeInIndex = 0; path = PoseStudyTests.xctest; sourceTree = BUILT_PRODUCTS_DIR; };
		7336A32C256E790F00CB090D /* PoseStudyTests.swift */ = {isa = PBXFileReference; lastKnownFileType = sourcecode.swift; path = PoseStudyTests.swift; sourceTree = "<group>"; };
		7336A32E256E790F00CB090D /* Info.plist */ = {isa = PBXFileReference; lastKnownFileType = text.plist.xml; path = Info.plist; sourceTree = "<group>"; };
		7336A333256E790F00CB090D /* PoseStudyUITests.xctest */ = {isa = PBXFileReference; explicitFileType = wrapper.cfbundle; includeInIndex = 0; path = PoseStudyUITests.xctest; sourceTree = BUILT_PRODUCTS_DIR; };
		7336A337256E790F00CB090D /* PoseStudyUITests.swift */ = {isa = PBXFileReference; lastKnownFileType = sourcecode.swift; path = PoseStudyUITests.swift; sourceTree = "<group>"; };
		7336A339256E790F00CB090D /* Info.plist */ = {isa = PBXFileReference; lastKnownFileType = text.plist.xml; path = Info.plist; sourceTree = "<group>"; };
		7373281F2572EE6D0081FCA2 /* CameraView.swift */ = {isa = PBXFileReference; lastKnownFileType = sourcecode.swift; path = CameraView.swift; sourceTree = "<group>"; };
		737328532574E3CF0081FCA2 /* CameraModel.swift */ = {isa = PBXFileReference; lastKnownFileType = sourcecode.swift; path = CameraModel.swift; sourceTree = "<group>"; };
		737328582574E50F0081FCA2 /* CameraRepresentable.swift */ = {isa = PBXFileReference; lastKnownFileType = sourcecode.swift; path = CameraRepresentable.swift; sourceTree = "<group>"; };
		737328C425754B6B0081FCA2 /* GoogleService-Info.plist */ = {isa = PBXFileReference; fileEncoding = 4; lastKnownFileType = text.plist.xml; path = "GoogleService-Info.plist"; sourceTree = "<group>"; };
		73823949257E94C400E23A8B /* Test.swift */ = {isa = PBXFileReference; lastKnownFileType = sourcecode.swift; path = Test.swift; sourceTree = "<group>"; };
		7392A6932588ECB00079AEDE /* Extensions.swift */ = {isa = PBXFileReference; lastKnownFileType = sourcecode.swift; path = Extensions.swift; sourceTree = "<group>"; };
		739B9DE7256FEFA100CE1F4A /* HealthFormView.swift */ = {isa = PBXFileReference; lastKnownFileType = sourcecode.swift; path = HealthFormView.swift; sourceTree = "<group>"; };
		73A2BF7D256ED2DB00A592E3 /* InstructionView.swift */ = {isa = PBXFileReference; lastKnownFileType = sourcecode.swift; path = InstructionView.swift; sourceTree = "<group>"; };
		73D6030B25778A9B00ABC437 /* CardView.swift */ = {isa = PBXFileReference; lastKnownFileType = sourcecode.swift; path = CardView.swift; sourceTree = "<group>"; };
		73D603102577C4AB00ABC437 /* Buttons.swift */ = {isa = PBXFileReference; lastKnownFileType = sourcecode.swift; path = Buttons.swift; sourceTree = "<group>"; };
		73D6031E2577D5AA00ABC437 /* PauseView.swift */ = {isa = PBXFileReference; lastKnownFileType = sourcecode.swift; path = PauseView.swift; sourceTree = "<group>"; };
		73D60326257E62CB00ABC437 /* FinishScreen.swift */ = {isa = PBXFileReference; lastKnownFileType = sourcecode.swift; path = FinishScreen.swift; sourceTree = "<group>"; };
		73DDC02A2587671700B864AA /* PolarBleSdk.framework */ = {isa = PBXFileReference; lastKnownFileType = wrapper.framework; name = PolarBleSdk.framework; path = "../polar-sdk-ios/PolarBleSdk.framework"; sourceTree = "<group>"; };
		73DDC0302587672200B864AA /* RxSwift.framework */ = {isa = PBXFileReference; lastKnownFileType = wrapper.framework; name = RxSwift.framework; path = "../polar-sdk-ios/RxSwift.framework"; sourceTree = "<group>"; };
		73DDC0C02587767E00B864AA /* PolarApiWrapper.swift */ = {isa = PBXFileReference; lastKnownFileType = sourcecode.swift; path = PolarApiWrapper.swift; sourceTree = "<group>"; };
		73F92243256E87B80005D25F /* Style.swift */ = {isa = PBXFileReference; lastKnownFileType = sourcecode.swift; path = Style.swift; sourceTree = "<group>"; };
		73F9224B256E89BC0005D25F /* DemographicFormView.swift */ = {isa = PBXFileReference; lastKnownFileType = sourcecode.swift; path = DemographicFormView.swift; sourceTree = "<group>"; };
		73F9226D256EC2F50005D25F /* WarmUpView.swift */ = {isa = PBXFileReference; lastKnownFileType = sourcecode.swift; path = WarmUpView.swift; sourceTree = "<group>"; };
		7FAD7612A66F668D26824F3C /* Pods_PoseStudyTests.framework */ = {isa = PBXFileReference; explicitFileType = wrapper.framework; includeInIndex = 0; path = Pods_PoseStudyTests.framework; sourceTree = BUILT_PRODUCTS_DIR; };
		BE9A3FA94F4463C0C2F8DDFF /* Pods_PoseStudy_PoseStudyUITests.framework */ = {isa = PBXFileReference; explicitFileType = wrapper.framework; includeInIndex = 0; path = Pods_PoseStudy_PoseStudyUITests.framework; sourceTree = BUILT_PRODUCTS_DIR; };
		CDE04D4B02C9BB2B2F6CE97E /* Pods-PoseStudy-PoseStudyUITests.release.xcconfig */ = {isa = PBXFileReference; includeInIndex = 1; lastKnownFileType = text.xcconfig; name = "Pods-PoseStudy-PoseStudyUITests.release.xcconfig"; path = "Target Support Files/Pods-PoseStudy-PoseStudyUITests/Pods-PoseStudy-PoseStudyUITests.release.xcconfig"; sourceTree = "<group>"; };
		CF58E8AF553F7990838AD56C /* Pods-PoseStudy-PoseStudyUITests.debug.xcconfig */ = {isa = PBXFileReference; includeInIndex = 1; lastKnownFileType = text.xcconfig; name = "Pods-PoseStudy-PoseStudyUITests.debug.xcconfig"; path = "Target Support Files/Pods-PoseStudy-PoseStudyUITests/Pods-PoseStudy-PoseStudyUITests.debug.xcconfig"; sourceTree = "<group>"; };
/* End PBXFileReference section */

/* Begin PBXFrameworksBuildPhase section */
		7336A314256E790D00CB090D /* Frameworks */ = {
			isa = PBXFrameworksBuildPhase;
			buildActionMask = 2147483647;
			files = (
				E6E701C2EBBFE964F01BAA97 /* Pods_PoseStudy.framework in Frameworks */,
				7362BC822589E98700330783 /* PolarBleSdk.framework in Frameworks */,
				7362BC882589E99500330783 /* RxSwift.framework in Frameworks */,
			);
			runOnlyForDeploymentPostprocessing = 0;
		};
		7336A325256E790F00CB090D /* Frameworks */ = {
			isa = PBXFrameworksBuildPhase;
			buildActionMask = 2147483647;
			files = (
				9118141F8B014547EDB207F8 /* Pods_PoseStudyTests.framework in Frameworks */,
			);
			runOnlyForDeploymentPostprocessing = 0;
		};
		7336A330256E790F00CB090D /* Frameworks */ = {
			isa = PBXFrameworksBuildPhase;
			buildActionMask = 2147483647;
			files = (
				1E2FF1546157D88382A90D0A /* Pods_PoseStudy_PoseStudyUITests.framework in Frameworks */,
			);
			runOnlyForDeploymentPostprocessing = 0;
		};
/* End PBXFrameworksBuildPhase section */

/* Begin PBXGroup section */
		638D66BC3CA63BE7F531F15E /* Pods */ = {
			isa = PBXGroup;
			children = (
				4D27C80B0DE6BECAD02604E4 /* Pods-PoseStudy.debug.xcconfig */,
				32415346BFA81D66A2B13266 /* Pods-PoseStudy.release.xcconfig */,
				CF58E8AF553F7990838AD56C /* Pods-PoseStudy-PoseStudyUITests.debug.xcconfig */,
				CDE04D4B02C9BB2B2F6CE97E /* Pods-PoseStudy-PoseStudyUITests.release.xcconfig */,
				17A881476E8ABA90C92891C2 /* Pods-PoseStudyTests.debug.xcconfig */,
				53F9631E8BA18FE477F2A71C /* Pods-PoseStudyTests.release.xcconfig */,
			);
			path = Pods;
			sourceTree = "<group>";
		};
		7336A30E256E790D00CB090D = {
			isa = PBXGroup;
			children = (
				7336A319256E790D00CB090D /* PoseStudy */,
				7336A32B256E790F00CB090D /* PoseStudyTests */,
				7336A336256E790F00CB090D /* PoseStudyUITests */,
				7336A318256E790D00CB090D /* Products */,
				638D66BC3CA63BE7F531F15E /* Pods */,
				9707D9758A9B020836602E5F /* Frameworks */,
			);
			sourceTree = "<group>";
		};
		7336A318256E790D00CB090D /* Products */ = {
			isa = PBXGroup;
			children = (
				7336A317256E790D00CB090D /* PoseStudy.app */,
				7336A328256E790F00CB090D /* PoseStudyTests.xctest */,
				7336A333256E790F00CB090D /* PoseStudyUITests.xctest */,
			);
			name = Products;
			sourceTree = "<group>";
		};
		7336A319256E790D00CB090D /* PoseStudy */ = {
			isa = PBXGroup;
			children = (
				737328612574EFB50081FCA2 /* Utils */,
				73F92254256E89CD0005D25F /* Styles */,
				73F92253256E89C60005D25F /* Views */,
				7336A31A256E790D00CB090D /* PoseStudyApp.swift */,
				7336A31E256E790F00CB090D /* Assets.xcassets */,
				737328C425754B6B0081FCA2 /* GoogleService-Info.plist */,
				7336A323256E790F00CB090D /* Info.plist */,
				7336A320256E790F00CB090D /* Preview Content */,
			);
			path = PoseStudy;
			sourceTree = "<group>";
		};
		7336A320256E790F00CB090D /* Preview Content */ = {
			isa = PBXGroup;
			children = (
				7336A321256E790F00CB090D /* Preview Assets.xcassets */,
			);
			path = "Preview Content";
			sourceTree = "<group>";
		};
		7336A32B256E790F00CB090D /* PoseStudyTests */ = {
			isa = PBXGroup;
			children = (
				7336A32C256E790F00CB090D /* PoseStudyTests.swift */,
				7336A32E256E790F00CB090D /* Info.plist */,
			);
			path = PoseStudyTests;
			sourceTree = "<group>";
		};
		7336A336256E790F00CB090D /* PoseStudyUITests */ = {
			isa = PBXGroup;
			children = (
				7336A337256E790F00CB090D /* PoseStudyUITests.swift */,
				7336A339256E790F00CB090D /* Info.plist */,
			);
			path = PoseStudyUITests;
			sourceTree = "<group>";
		};
		737328612574EFB50081FCA2 /* Utils */ = {
			isa = PBXGroup;
			children = (
				737328532574E3CF0081FCA2 /* CameraModel.swift */,
				737328582574E50F0081FCA2 /* CameraRepresentable.swift */,
				73DDC0C02587767E00B864AA /* PolarApiWrapper.swift */,
				7392A6932588ECB00079AEDE /* Extensions.swift */,
			);
			path = Utils;
			sourceTree = "<group>";
		};
		73F92253256E89C60005D25F /* Views */ = {
			isa = PBXGroup;
			children = (
				7336A31C256E790D00CB090D /* WelcomeView.swift */,
				73F9224B256E89BC0005D25F /* DemographicFormView.swift */,
				739B9DE7256FEFA100CE1F4A /* HealthFormView.swift */,
				73F9226D256EC2F50005D25F /* WarmUpView.swift */,
				73A2BF7D256ED2DB00A592E3 /* InstructionView.swift */,
				7373281F2572EE6D0081FCA2 /* CameraView.swift */,
				73D6031E2577D5AA00ABC437 /* PauseView.swift */,
				73D60326257E62CB00ABC437 /* FinishScreen.swift */,
				73823949257E94C400E23A8B /* Test.swift */,
			);
			path = Views;
			sourceTree = "<group>";
		};
		73F92254256E89CD0005D25F /* Styles */ = {
			isa = PBXGroup;
			children = (
				73F92243256E87B80005D25F /* Style.swift */,
				73D603102577C4AB00ABC437 /* Buttons.swift */,
				73D6030B25778A9B00ABC437 /* CardView.swift */,
			);
			path = Styles;
			sourceTree = "<group>";
		};
		9707D9758A9B020836602E5F /* Frameworks */ = {
			isa = PBXGroup;
			children = (
				73DDC0302587672200B864AA /* RxSwift.framework */,
				73DDC02A2587671700B864AA /* PolarBleSdk.framework */,
				46EC5516776EF4DE30CDB32C /* Pods_PoseStudy.framework */,
				BE9A3FA94F4463C0C2F8DDFF /* Pods_PoseStudy_PoseStudyUITests.framework */,
				7FAD7612A66F668D26824F3C /* Pods_PoseStudyTests.framework */,
			);
			name = Frameworks;
			sourceTree = "<group>";
		};
/* End PBXGroup section */

/* Begin PBXNativeTarget section */
		7336A316256E790D00CB090D /* PoseStudy */ = {
			isa = PBXNativeTarget;
			buildConfigurationList = 7336A33C256E790F00CB090D /* Build configuration list for PBXNativeTarget "PoseStudy" */;
			buildPhases = (
				6180C150CF7C2B2BD644282D /* [CP] Check Pods Manifest.lock */,
				7336A313256E790D00CB090D /* Sources */,
				7336A314256E790D00CB090D /* Frameworks */,
				7336A315256E790D00CB090D /* Resources */,
				07A2D401E1A7F274789E1340 /* [CP] Embed Pods Frameworks */,
				73DDC02D2587671800B864AA /* Embed Frameworks */,
			);
			buildRules = (
			);
			dependencies = (
			);
			name = PoseStudy;
			productName = PoseStudy;
			productReference = 7336A317256E790D00CB090D /* PoseStudy.app */;
			productType = "com.apple.product-type.application";
		};
		7336A327256E790F00CB090D /* PoseStudyTests */ = {
			isa = PBXNativeTarget;
			buildConfigurationList = 7336A33F256E790F00CB090D /* Build configuration list for PBXNativeTarget "PoseStudyTests" */;
			buildPhases = (
				4740911E2C65693D35F96DC9 /* [CP] Check Pods Manifest.lock */,
				7336A324256E790F00CB090D /* Sources */,
				7336A325256E790F00CB090D /* Frameworks */,
				7336A326256E790F00CB090D /* Resources */,
				CE45B8FEB4A204BD24247EBF /* [CP] Embed Pods Frameworks */,
			);
			buildRules = (
			);
			dependencies = (
				7336A32A256E790F00CB090D /* PBXTargetDependency */,
			);
			name = PoseStudyTests;
			productName = PoseStudyTests;
			productReference = 7336A328256E790F00CB090D /* PoseStudyTests.xctest */;
			productType = "com.apple.product-type.bundle.unit-test";
		};
		7336A332256E790F00CB090D /* PoseStudyUITests */ = {
			isa = PBXNativeTarget;
			buildConfigurationList = 7336A342256E790F00CB090D /* Build configuration list for PBXNativeTarget "PoseStudyUITests" */;
			buildPhases = (
				06FFAF0E6AB103F07BA97A29 /* [CP] Check Pods Manifest.lock */,
				7336A32F256E790F00CB090D /* Sources */,
				7336A330256E790F00CB090D /* Frameworks */,
				7336A331256E790F00CB090D /* Resources */,
				102B3CC3BD5E5539E546026C /* [CP] Embed Pods Frameworks */,
			);
			buildRules = (
			);
			dependencies = (
				7336A335256E790F00CB090D /* PBXTargetDependency */,
			);
			name = PoseStudyUITests;
			productName = PoseStudyUITests;
			productReference = 7336A333256E790F00CB090D /* PoseStudyUITests.xctest */;
			productType = "com.apple.product-type.bundle.ui-testing";
		};
/* End PBXNativeTarget section */

/* Begin PBXProject section */
		7336A30F256E790D00CB090D /* Project object */ = {
			isa = PBXProject;
			attributes = {
				LastSwiftUpdateCheck = 1220;
				LastUpgradeCheck = 1220;
				TargetAttributes = {
					7336A316256E790D00CB090D = {
						CreatedOnToolsVersion = 12.2;
					};
					7336A327256E790F00CB090D = {
						CreatedOnToolsVersion = 12.2;
						TestTargetID = 7336A316256E790D00CB090D;
					};
					7336A332256E790F00CB090D = {
						CreatedOnToolsVersion = 12.2;
						TestTargetID = 7336A316256E790D00CB090D;
					};
				};
			};
			buildConfigurationList = 7336A312256E790D00CB090D /* Build configuration list for PBXProject "PoseStudy" */;
			compatibilityVersion = "Xcode 9.3";
			developmentRegion = en;
			hasScannedForEncodings = 0;
			knownRegions = (
				en,
				Base,
			);
			mainGroup = 7336A30E256E790D00CB090D;
			productRefGroup = 7336A318256E790D00CB090D /* Products */;
			projectDirPath = "";
			projectRoot = "";
			targets = (
				7336A316256E790D00CB090D /* PoseStudy */,
				7336A327256E790F00CB090D /* PoseStudyTests */,
				7336A332256E790F00CB090D /* PoseStudyUITests */,
			);
		};
/* End PBXProject section */

/* Begin PBXResourcesBuildPhase section */
		7336A315256E790D00CB090D /* Resources */ = {
			isa = PBXResourcesBuildPhase;
			buildActionMask = 2147483647;
			files = (
				7336A322256E790F00CB090D /* Preview Assets.xcassets in Resources */,
				7336A31F256E790F00CB090D /* Assets.xcassets in Resources */,
				737328C525754B6B0081FCA2 /* GoogleService-Info.plist in Resources */,
			);
			runOnlyForDeploymentPostprocessing = 0;
		};
		7336A326256E790F00CB090D /* Resources */ = {
			isa = PBXResourcesBuildPhase;
			buildActionMask = 2147483647;
			files = (
			);
			runOnlyForDeploymentPostprocessing = 0;
		};
		7336A331256E790F00CB090D /* Resources */ = {
			isa = PBXResourcesBuildPhase;
			buildActionMask = 2147483647;
			files = (
			);
			runOnlyForDeploymentPostprocessing = 0;
		};
/* End PBXResourcesBuildPhase section */

/* Begin PBXShellScriptBuildPhase section */
		06FFAF0E6AB103F07BA97A29 /* [CP] Check Pods Manifest.lock */ = {
			isa = PBXShellScriptBuildPhase;
			buildActionMask = 2147483647;
			files = (
			);
			inputFileListPaths = (
			);
			inputPaths = (
				"${PODS_PODFILE_DIR_PATH}/Podfile.lock",
				"${PODS_ROOT}/Manifest.lock",
			);
			name = "[CP] Check Pods Manifest.lock";
			outputFileListPaths = (
			);
			outputPaths = (
				"$(DERIVED_FILE_DIR)/Pods-PoseStudy-PoseStudyUITests-checkManifestLockResult.txt",
			);
			runOnlyForDeploymentPostprocessing = 0;
			shellPath = /bin/sh;
			shellScript = "diff \"${PODS_PODFILE_DIR_PATH}/Podfile.lock\" \"${PODS_ROOT}/Manifest.lock\" > /dev/null\nif [ $? != 0 ] ; then\n    # print error to STDERR\n    echo \"error: The sandbox is not in sync with the Podfile.lock. Run 'pod install' or update your CocoaPods installation.\" >&2\n    exit 1\nfi\n# This output is used by Xcode 'outputs' to avoid re-running this script phase.\necho \"SUCCESS\" > \"${SCRIPT_OUTPUT_FILE_0}\"\n";
			showEnvVarsInLog = 0;
		};
		07A2D401E1A7F274789E1340 /* [CP] Embed Pods Frameworks */ = {
			isa = PBXShellScriptBuildPhase;
			buildActionMask = 2147483647;
			files = (
			);
			inputFileListPaths = (
				"${PODS_ROOT}/Target Support Files/Pods-PoseStudy/Pods-PoseStudy-frameworks-${CONFIGURATION}-input-files.xcfilelist",
			);
			name = "[CP] Embed Pods Frameworks";
			outputFileListPaths = (
				"${PODS_ROOT}/Target Support Files/Pods-PoseStudy/Pods-PoseStudy-frameworks-${CONFIGURATION}-output-files.xcfilelist",
			);
			runOnlyForDeploymentPostprocessing = 0;
			shellPath = /bin/sh;
			shellScript = "\"${PODS_ROOT}/Target Support Files/Pods-PoseStudy/Pods-PoseStudy-frameworks.sh\"\n";
			showEnvVarsInLog = 0;
		};
		102B3CC3BD5E5539E546026C /* [CP] Embed Pods Frameworks */ = {
			isa = PBXShellScriptBuildPhase;
			buildActionMask = 2147483647;
			files = (
			);
			inputFileListPaths = (
				"${PODS_ROOT}/Target Support Files/Pods-PoseStudy-PoseStudyUITests/Pods-PoseStudy-PoseStudyUITests-frameworks-${CONFIGURATION}-input-files.xcfilelist",
			);
			name = "[CP] Embed Pods Frameworks";
			outputFileListPaths = (
				"${PODS_ROOT}/Target Support Files/Pods-PoseStudy-PoseStudyUITests/Pods-PoseStudy-PoseStudyUITests-frameworks-${CONFIGURATION}-output-files.xcfilelist",
			);
			runOnlyForDeploymentPostprocessing = 0;
			shellPath = /bin/sh;
			shellScript = "\"${PODS_ROOT}/Target Support Files/Pods-PoseStudy-PoseStudyUITests/Pods-PoseStudy-PoseStudyUITests-frameworks.sh\"\n";
			showEnvVarsInLog = 0;
		};
		4740911E2C65693D35F96DC9 /* [CP] Check Pods Manifest.lock */ = {
			isa = PBXShellScriptBuildPhase;
			buildActionMask = 2147483647;
			files = (
			);
			inputFileListPaths = (
			);
			inputPaths = (
				"${PODS_PODFILE_DIR_PATH}/Podfile.lock",
				"${PODS_ROOT}/Manifest.lock",
			);
			name = "[CP] Check Pods Manifest.lock";
			outputFileListPaths = (
			);
			outputPaths = (
				"$(DERIVED_FILE_DIR)/Pods-PoseStudyTests-checkManifestLockResult.txt",
			);
			runOnlyForDeploymentPostprocessing = 0;
			shellPath = /bin/sh;
			shellScript = "diff \"${PODS_PODFILE_DIR_PATH}/Podfile.lock\" \"${PODS_ROOT}/Manifest.lock\" > /dev/null\nif [ $? != 0 ] ; then\n    # print error to STDERR\n    echo \"error: The sandbox is not in sync with the Podfile.lock. Run 'pod install' or update your CocoaPods installation.\" >&2\n    exit 1\nfi\n# This output is used by Xcode 'outputs' to avoid re-running this script phase.\necho \"SUCCESS\" > \"${SCRIPT_OUTPUT_FILE_0}\"\n";
			showEnvVarsInLog = 0;
		};
		6180C150CF7C2B2BD644282D /* [CP] Check Pods Manifest.lock */ = {
			isa = PBXShellScriptBuildPhase;
			buildActionMask = 2147483647;
			files = (
			);
			inputFileListPaths = (
			);
			inputPaths = (
				"${PODS_PODFILE_DIR_PATH}/Podfile.lock",
				"${PODS_ROOT}/Manifest.lock",
			);
			name = "[CP] Check Pods Manifest.lock";
			outputFileListPaths = (
			);
			outputPaths = (
				"$(DERIVED_FILE_DIR)/Pods-PoseStudy-checkManifestLockResult.txt",
			);
			runOnlyForDeploymentPostprocessing = 0;
			shellPath = /bin/sh;
			shellScript = "diff \"${PODS_PODFILE_DIR_PATH}/Podfile.lock\" \"${PODS_ROOT}/Manifest.lock\" > /dev/null\nif [ $? != 0 ] ; then\n    # print error to STDERR\n    echo \"error: The sandbox is not in sync with the Podfile.lock. Run 'pod install' or update your CocoaPods installation.\" >&2\n    exit 1\nfi\n# This output is used by Xcode 'outputs' to avoid re-running this script phase.\necho \"SUCCESS\" > \"${SCRIPT_OUTPUT_FILE_0}\"\n";
			showEnvVarsInLog = 0;
		};
		CE45B8FEB4A204BD24247EBF /* [CP] Embed Pods Frameworks */ = {
			isa = PBXShellScriptBuildPhase;
			buildActionMask = 2147483647;
			files = (
			);
			inputFileListPaths = (
				"${PODS_ROOT}/Target Support Files/Pods-PoseStudyTests/Pods-PoseStudyTests-frameworks-${CONFIGURATION}-input-files.xcfilelist",
			);
			name = "[CP] Embed Pods Frameworks";
			outputFileListPaths = (
				"${PODS_ROOT}/Target Support Files/Pods-PoseStudyTests/Pods-PoseStudyTests-frameworks-${CONFIGURATION}-output-files.xcfilelist",
			);
			runOnlyForDeploymentPostprocessing = 0;
			shellPath = /bin/sh;
			shellScript = "\"${PODS_ROOT}/Target Support Files/Pods-PoseStudyTests/Pods-PoseStudyTests-frameworks.sh\"\n";
			showEnvVarsInLog = 0;
		};
/* End PBXShellScriptBuildPhase section */

/* Begin PBXSourcesBuildPhase section */
		7336A313256E790D00CB090D /* Sources */ = {
			isa = PBXSourcesBuildPhase;
			buildActionMask = 2147483647;
			files = (
				737328592574E50F0081FCA2 /* CameraRepresentable.swift in Sources */,
				73F9226E256EC2F50005D25F /* WarmUpView.swift in Sources */,
				73F9224C256E89BC0005D25F /* DemographicFormView.swift in Sources */,
				7336A31D256E790D00CB090D /* WelcomeView.swift in Sources */,
				737328542574E3CF0081FCA2 /* CameraModel.swift in Sources */,
				7382394A257E94C400E23A8B /* Test.swift in Sources */,
				73F92244256E87B80005D25F /* Style.swift in Sources */,
				73D6030C25778A9B00ABC437 /* CardView.swift in Sources */,
				73A2BF7E256ED2DB00A592E3 /* InstructionView.swift in Sources */,
				73DDC0C12587767E00B864AA /* PolarApiWrapper.swift in Sources */,
				73D60327257E62CB00ABC437 /* FinishScreen.swift in Sources */,
				739B9DE8256FEFA100CE1F4A /* HealthFormView.swift in Sources */,
				7336A31B256E790D00CB090D /* PoseStudyApp.swift in Sources */,
				73D6031F2577D5AA00ABC437 /* PauseView.swift in Sources */,
				7392A6942588ECB00079AEDE /* Extensions.swift in Sources */,
				737328202572EE6D0081FCA2 /* CameraView.swift in Sources */,
				73D603112577C4AB00ABC437 /* Buttons.swift in Sources */,
			);
			runOnlyForDeploymentPostprocessing = 0;
		};
		7336A324256E790F00CB090D /* Sources */ = {
			isa = PBXSourcesBuildPhase;
			buildActionMask = 2147483647;
			files = (
				7336A32D256E790F00CB090D /* PoseStudyTests.swift in Sources */,
			);
			runOnlyForDeploymentPostprocessing = 0;
		};
		7336A32F256E790F00CB090D /* Sources */ = {
			isa = PBXSourcesBuildPhase;
			buildActionMask = 2147483647;
			files = (
				7336A338256E790F00CB090D /* PoseStudyUITests.swift in Sources */,
			);
			runOnlyForDeploymentPostprocessing = 0;
		};
/* End PBXSourcesBuildPhase section */

/* Begin PBXTargetDependency section */
		7336A32A256E790F00CB090D /* PBXTargetDependency */ = {
			isa = PBXTargetDependency;
			target = 7336A316256E790D00CB090D /* PoseStudy */;
			targetProxy = 7336A329256E790F00CB090D /* PBXContainerItemProxy */;
		};
		7336A335256E790F00CB090D /* PBXTargetDependency */ = {
			isa = PBXTargetDependency;
			target = 7336A316256E790D00CB090D /* PoseStudy */;
			targetProxy = 7336A334256E790F00CB090D /* PBXContainerItemProxy */;
		};
/* End PBXTargetDependency section */

/* Begin XCBuildConfiguration section */
		7336A33A256E790F00CB090D /* Debug */ = {
			isa = XCBuildConfiguration;
			buildSettings = {
				ALWAYS_SEARCH_USER_PATHS = NO;
				CLANG_ANALYZER_NONNULL = YES;
				CLANG_ANALYZER_NUMBER_OBJECT_CONVERSION = YES_AGGRESSIVE;
				CLANG_CXX_LANGUAGE_STANDARD = "gnu++14";
				CLANG_CXX_LIBRARY = "libc++";
				CLANG_ENABLE_MODULES = YES;
				CLANG_ENABLE_OBJC_ARC = YES;
				CLANG_ENABLE_OBJC_WEAK = YES;
				CLANG_WARN_BLOCK_CAPTURE_AUTORELEASING = YES;
				CLANG_WARN_BOOL_CONVERSION = YES;
				CLANG_WARN_COMMA = YES;
				CLANG_WARN_CONSTANT_CONVERSION = YES;
				CLANG_WARN_DEPRECATED_OBJC_IMPLEMENTATIONS = YES;
				CLANG_WARN_DIRECT_OBJC_ISA_USAGE = YES_ERROR;
				CLANG_WARN_DOCUMENTATION_COMMENTS = YES;
				CLANG_WARN_EMPTY_BODY = YES;
				CLANG_WARN_ENUM_CONVERSION = YES;
				CLANG_WARN_INFINITE_RECURSION = YES;
				CLANG_WARN_INT_CONVERSION = YES;
				CLANG_WARN_NON_LITERAL_NULL_CONVERSION = YES;
				CLANG_WARN_OBJC_IMPLICIT_RETAIN_SELF = YES;
				CLANG_WARN_OBJC_LITERAL_CONVERSION = YES;
				CLANG_WARN_OBJC_ROOT_CLASS = YES_ERROR;
				CLANG_WARN_QUOTED_INCLUDE_IN_FRAMEWORK_HEADER = YES;
				CLANG_WARN_RANGE_LOOP_ANALYSIS = YES;
				CLANG_WARN_STRICT_PROTOTYPES = YES;
				CLANG_WARN_SUSPICIOUS_MOVE = YES;
				CLANG_WARN_UNGUARDED_AVAILABILITY = YES_AGGRESSIVE;
				CLANG_WARN_UNREACHABLE_CODE = YES;
				CLANG_WARN__DUPLICATE_METHOD_MATCH = YES;
				COPY_PHASE_STRIP = NO;
				DEBUG_INFORMATION_FORMAT = dwarf;
				ENABLE_STRICT_OBJC_MSGSEND = YES;
				ENABLE_TESTABILITY = YES;
				GCC_C_LANGUAGE_STANDARD = gnu11;
				GCC_DYNAMIC_NO_PIC = NO;
				GCC_NO_COMMON_BLOCKS = YES;
				GCC_OPTIMIZATION_LEVEL = 0;
				GCC_PREPROCESSOR_DEFINITIONS = (
					"DEBUG=1",
					"$(inherited)",
				);
				GCC_WARN_64_TO_32_BIT_CONVERSION = YES;
				GCC_WARN_ABOUT_RETURN_TYPE = YES_ERROR;
				GCC_WARN_UNDECLARED_SELECTOR = YES;
				GCC_WARN_UNINITIALIZED_AUTOS = YES_AGGRESSIVE;
				GCC_WARN_UNUSED_FUNCTION = YES;
				GCC_WARN_UNUSED_VARIABLE = YES;
				IPHONEOS_DEPLOYMENT_TARGET = 14.2;
				MTL_ENABLE_DEBUG_INFO = INCLUDE_SOURCE;
				MTL_FAST_MATH = YES;
				ONLY_ACTIVE_ARCH = YES;
				SDKROOT = iphoneos;
				SWIFT_ACTIVE_COMPILATION_CONDITIONS = DEBUG;
				SWIFT_OPTIMIZATION_LEVEL = "-Onone";
			};
			name = Debug;
		};
		7336A33B256E790F00CB090D /* Release */ = {
			isa = XCBuildConfiguration;
			buildSettings = {
				ALWAYS_SEARCH_USER_PATHS = NO;
				CLANG_ANALYZER_NONNULL = YES;
				CLANG_ANALYZER_NUMBER_OBJECT_CONVERSION = YES_AGGRESSIVE;
				CLANG_CXX_LANGUAGE_STANDARD = "gnu++14";
				CLANG_CXX_LIBRARY = "libc++";
				CLANG_ENABLE_MODULES = YES;
				CLANG_ENABLE_OBJC_ARC = YES;
				CLANG_ENABLE_OBJC_WEAK = YES;
				CLANG_WARN_BLOCK_CAPTURE_AUTORELEASING = YES;
				CLANG_WARN_BOOL_CONVERSION = YES;
				CLANG_WARN_COMMA = YES;
				CLANG_WARN_CONSTANT_CONVERSION = YES;
				CLANG_WARN_DEPRECATED_OBJC_IMPLEMENTATIONS = YES;
				CLANG_WARN_DIRECT_OBJC_ISA_USAGE = YES_ERROR;
				CLANG_WARN_DOCUMENTATION_COMMENTS = YES;
				CLANG_WARN_EMPTY_BODY = YES;
				CLANG_WARN_ENUM_CONVERSION = YES;
				CLANG_WARN_INFINITE_RECURSION = YES;
				CLANG_WARN_INT_CONVERSION = YES;
				CLANG_WARN_NON_LITERAL_NULL_CONVERSION = YES;
				CLANG_WARN_OBJC_IMPLICIT_RETAIN_SELF = YES;
				CLANG_WARN_OBJC_LITERAL_CONVERSION = YES;
				CLANG_WARN_OBJC_ROOT_CLASS = YES_ERROR;
				CLANG_WARN_QUOTED_INCLUDE_IN_FRAMEWORK_HEADER = YES;
				CLANG_WARN_RANGE_LOOP_ANALYSIS = YES;
				CLANG_WARN_STRICT_PROTOTYPES = YES;
				CLANG_WARN_SUSPICIOUS_MOVE = YES;
				CLANG_WARN_UNGUARDED_AVAILABILITY = YES_AGGRESSIVE;
				CLANG_WARN_UNREACHABLE_CODE = YES;
				CLANG_WARN__DUPLICATE_METHOD_MATCH = YES;
				COPY_PHASE_STRIP = NO;
				DEBUG_INFORMATION_FORMAT = "dwarf-with-dsym";
				ENABLE_NS_ASSERTIONS = NO;
				ENABLE_STRICT_OBJC_MSGSEND = YES;
				GCC_C_LANGUAGE_STANDARD = gnu11;
				GCC_NO_COMMON_BLOCKS = YES;
				GCC_WARN_64_TO_32_BIT_CONVERSION = YES;
				GCC_WARN_ABOUT_RETURN_TYPE = YES_ERROR;
				GCC_WARN_UNDECLARED_SELECTOR = YES;
				GCC_WARN_UNINITIALIZED_AUTOS = YES_AGGRESSIVE;
				GCC_WARN_UNUSED_FUNCTION = YES;
				GCC_WARN_UNUSED_VARIABLE = YES;
				IPHONEOS_DEPLOYMENT_TARGET = 14.2;
				MTL_ENABLE_DEBUG_INFO = NO;
				MTL_FAST_MATH = YES;
				SDKROOT = iphoneos;
				SWIFT_COMPILATION_MODE = wholemodule;
				SWIFT_OPTIMIZATION_LEVEL = "-O";
				VALIDATE_PRODUCT = YES;
			};
			name = Release;
		};
		7336A33D256E790F00CB090D /* Debug */ = {
			isa = XCBuildConfiguration;
			baseConfigurationReference = 4D27C80B0DE6BECAD02604E4 /* Pods-PoseStudy.debug.xcconfig */;
			buildSettings = {
				ASSETCATALOG_COMPILER_APPICON_NAME = AppIcon;
				ASSETCATALOG_COMPILER_GLOBAL_ACCENT_COLOR_NAME = AccentColor;
				CODE_SIGN_IDENTITY = "Apple Development";
				CODE_SIGN_STYLE = Automatic;
				DEVELOPMENT_ASSET_PATHS = "\"PoseStudy/Preview Content\"";
				DEVELOPMENT_TEAM = NC67T52M5C;
				ENABLE_PREVIEWS = YES;
				FRAMEWORK_SEARCH_PATHS = (
					"$(inherited)",
					"\"${PODS_CONFIGURATION_BUILD_DIR}/FirebaseCore\"",
					"\"${PODS_CONFIGURATION_BUILD_DIR}/FirebaseCoreDiagnostics\"",
					"\"${PODS_CONFIGURATION_BUILD_DIR}/FirebaseDatabase\"",
					"\"${PODS_CONFIGURATION_BUILD_DIR}/FirebaseInstallations\"",
					"\"${PODS_CONFIGURATION_BUILD_DIR}/FirebaseStorage\"",
					"\"${PODS_CONFIGURATION_BUILD_DIR}/GTMSessionFetcher\"",
					"\"${PODS_CONFIGURATION_BUILD_DIR}/GoogleDataTransport\"",
					"\"${PODS_CONFIGURATION_BUILD_DIR}/GoogleDataTransportCCTSupport\"",
					"\"${PODS_CONFIGURATION_BUILD_DIR}/GoogleUtilities\"",
					"\"${PODS_CONFIGURATION_BUILD_DIR}/PromisesObjC\"",
					"\"${PODS_CONFIGURATION_BUILD_DIR}/leveldb-library\"",
					"\"${PODS_CONFIGURATION_BUILD_DIR}/nanopb\"",
					"\"${PODS_ROOT}/FirebaseAnalytics/Frameworks\"",
					"\"${PODS_ROOT}/GoogleAppMeasurement/Frameworks\"",
					"$(PROJECT_DIR)/../polar-sdk-ios/",
					"$(PROJECT_DIR)/../",
					"$(PROJECT_DIR)",
				);
				INFOPLIST_FILE = PoseStudy/Info.plist;
				IPHONEOS_DEPLOYMENT_TARGET = 14.0;
				LD_RUNPATH_SEARCH_PATHS = (
					"$(inherited)",
					"@executable_path/Frameworks",
					"@executable_path/Frameworks/PolarBleSdk.framework",
				);
				PRODUCT_BUNDLE_IDENTIFIER = de.lang.PoseStudy;
				PRODUCT_NAME = "$(TARGET_NAME)";
				PROVISIONING_PROFILE_SPECIFIER = "";
				SWIFT_VERSION = 5.0;
				TARGETED_DEVICE_FAMILY = "1,2";
				VALIDATE_WORKSPACE = YES;
			};
			name = Debug;
		};
		7336A33E256E790F00CB090D /* Release */ = {
			isa = XCBuildConfiguration;
			baseConfigurationReference = 32415346BFA81D66A2B13266 /* Pods-PoseStudy.release.xcconfig */;
			buildSettings = {
				ASSETCATALOG_COMPILER_APPICON_NAME = AppIcon;
				ASSETCATALOG_COMPILER_GLOBAL_ACCENT_COLOR_NAME = AccentColor;
				CODE_SIGN_IDENTITY = "Apple Development";
				CODE_SIGN_STYLE = Automatic;
				DEVELOPMENT_ASSET_PATHS = "\"PoseStudy/Preview Content\"";
				DEVELOPMENT_TEAM = NC67T52M5C;
				ENABLE_PREVIEWS = YES;
				FRAMEWORK_SEARCH_PATHS = (
					"$(inherited)",
					"\"${PODS_CONFIGURATION_BUILD_DIR}/FirebaseCore\"",
					"\"${PODS_CONFIGURATION_BUILD_DIR}/FirebaseCoreDiagnostics\"",
					"\"${PODS_CONFIGURATION_BUILD_DIR}/FirebaseDatabase\"",
					"\"${PODS_CONFIGURATION_BUILD_DIR}/FirebaseInstallations\"",
					"\"${PODS_CONFIGURATION_BUILD_DIR}/FirebaseStorage\"",
					"\"${PODS_CONFIGURATION_BUILD_DIR}/GTMSessionFetcher\"",
					"\"${PODS_CONFIGURATION_BUILD_DIR}/GoogleDataTransport\"",
					"\"${PODS_CONFIGURATION_BUILD_DIR}/GoogleDataTransportCCTSupport\"",
					"\"${PODS_CONFIGURATION_BUILD_DIR}/GoogleUtilities\"",
					"\"${PODS_CONFIGURATION_BUILD_DIR}/PromisesObjC\"",
					"\"${PODS_CONFIGURATION_BUILD_DIR}/leveldb-library\"",
					"\"${PODS_CONFIGURATION_BUILD_DIR}/nanopb\"",
					"\"${PODS_ROOT}/FirebaseAnalytics/Frameworks\"",
					"\"${PODS_ROOT}/GoogleAppMeasurement/Frameworks\"",
					"$(PROJECT_DIR)/../polar-ble-sdk-master/polar-sdk-ios/",
					"$(PROJECT_DIR)/../",
					"$(PROJECT_DIR)",
				);
				INFOPLIST_FILE = PoseStudy/Info.plist;
				IPHONEOS_DEPLOYMENT_TARGET = 14.0;
				LD_RUNPATH_SEARCH_PATHS = (
					"$(inherited)",
					"@executable_path/Frameworks",
					"@executable_path/Frameworks/PolarBleSdk.framework",
				);
				PRODUCT_BUNDLE_IDENTIFIER = de.lang.PoseStudy;
				PRODUCT_NAME = "$(TARGET_NAME)";
				PROVISIONING_PROFILE_SPECIFIER = "";
				SWIFT_VERSION = 5.0;
				TARGETED_DEVICE_FAMILY = "1,2";
				VALIDATE_WORKSPACE = YES;
			};
			name = Release;
		};
		7336A340256E790F00CB090D /* Debug */ = {
			isa = XCBuildConfiguration;
			baseConfigurationReference = 17A881476E8ABA90C92891C2 /* Pods-PoseStudyTests.debug.xcconfig */;
			buildSettings = {
				ALWAYS_EMBED_SWIFT_STANDARD_LIBRARIES = YES;
				BUNDLE_LOADER = "$(TEST_HOST)";
				CODE_SIGN_STYLE = Automatic;
				DEVELOPMENT_TEAM = NC67T52M5C;
				INFOPLIST_FILE = PoseStudyTests/Info.plist;
				IPHONEOS_DEPLOYMENT_TARGET = 14.0;
				LD_RUNPATH_SEARCH_PATHS = (
					"$(inherited)",
					"@executable_path/Frameworks",
					"@loader_path/Frameworks",
				);
				PRODUCT_BUNDLE_IDENTIFIER = lang.de.PoseStudyTests;
				PRODUCT_NAME = "$(TARGET_NAME)";
				SWIFT_VERSION = 5.0;
				TARGETED_DEVICE_FAMILY = "1,2";
				TEST_HOST = "$(BUILT_PRODUCTS_DIR)/PoseStudy.app/PoseStudy";
			};
			name = Debug;
		};
		7336A341256E790F00CB090D /* Release */ = {
			isa = XCBuildConfiguration;
			baseConfigurationReference = 53F9631E8BA18FE477F2A71C /* Pods-PoseStudyTests.release.xcconfig */;
			buildSettings = {
				ALWAYS_EMBED_SWIFT_STANDARD_LIBRARIES = YES;
				BUNDLE_LOADER = "$(TEST_HOST)";
				CODE_SIGN_STYLE = Automatic;
				DEVELOPMENT_TEAM = NC67T52M5C;
				INFOPLIST_FILE = PoseStudyTests/Info.plist;
				IPHONEOS_DEPLOYMENT_TARGET = 14.0;
				LD_RUNPATH_SEARCH_PATHS = (
					"$(inherited)",
					"@executable_path/Frameworks",
					"@loader_path/Frameworks",
				);
				PRODUCT_BUNDLE_IDENTIFIER = lang.de.PoseStudyTests;
				PRODUCT_NAME = "$(TARGET_NAME)";
				SWIFT_VERSION = 5.0;
				TARGETED_DEVICE_FAMILY = "1,2";
				TEST_HOST = "$(BUILT_PRODUCTS_DIR)/PoseStudy.app/PoseStudy";
			};
			name = Release;
		};
		7336A343256E790F00CB090D /* Debug */ = {
			isa = XCBuildConfiguration;
			baseConfigurationReference = CF58E8AF553F7990838AD56C /* Pods-PoseStudy-PoseStudyUITests.debug.xcconfig */;
			buildSettings = {
				ALWAYS_EMBED_SWIFT_STANDARD_LIBRARIES = YES;
				CODE_SIGN_STYLE = Automatic;
				DEVELOPMENT_TEAM = NC67T52M5C;
				INFOPLIST_FILE = PoseStudyUITests/Info.plist;
				LD_RUNPATH_SEARCH_PATHS = (
					"$(inherited)",
					"@executable_path/Frameworks",
					"@loader_path/Frameworks",
				);
				PRODUCT_BUNDLE_IDENTIFIER = lang.de.PoseStudyUITests;
				PRODUCT_NAME = "$(TARGET_NAME)";
				SWIFT_VERSION = 5.0;
				TARGETED_DEVICE_FAMILY = "1,2";
				TEST_TARGET_NAME = PoseStudy;
			};
			name = Debug;
		};
		7336A344256E790F00CB090D /* Release */ = {
			isa = XCBuildConfiguration;
			baseConfigurationReference = CDE04D4B02C9BB2B2F6CE97E /* Pods-PoseStudy-PoseStudyUITests.release.xcconfig */;
			buildSettings = {
				ALWAYS_EMBED_SWIFT_STANDARD_LIBRARIES = YES;
				CODE_SIGN_STYLE = Automatic;
				DEVELOPMENT_TEAM = NC67T52M5C;
				INFOPLIST_FILE = PoseStudyUITests/Info.plist;
				LD_RUNPATH_SEARCH_PATHS = (
					"$(inherited)",
					"@executable_path/Frameworks",
					"@loader_path/Frameworks",
				);
				PRODUCT_BUNDLE_IDENTIFIER = lang.de.PoseStudyUITests;
				PRODUCT_NAME = "$(TARGET_NAME)";
				SWIFT_VERSION = 5.0;
				TARGETED_DEVICE_FAMILY = "1,2";
				TEST_TARGET_NAME = PoseStudy;
			};
			name = Release;
		};
/* End XCBuildConfiguration section */

/* Begin XCConfigurationList section */
		7336A312256E790D00CB090D /* Build configuration list for PBXProject "PoseStudy" */ = {
			isa = XCConfigurationList;
			buildConfigurations = (
				7336A33A256E790F00CB090D /* Debug */,
				7336A33B256E790F00CB090D /* Release */,
			);
			defaultConfigurationIsVisible = 0;
			defaultConfigurationName = Release;
		};
		7336A33C256E790F00CB090D /* Build configuration list for PBXNativeTarget "PoseStudy" */ = {
			isa = XCConfigurationList;
			buildConfigurations = (
				7336A33D256E790F00CB090D /* Debug */,
				7336A33E256E790F00CB090D /* Release */,
			);
			defaultConfigurationIsVisible = 0;
			defaultConfigurationName = Release;
		};
		7336A33F256E790F00CB090D /* Build configuration list for PBXNativeTarget "PoseStudyTests" */ = {
			isa = XCConfigurationList;
			buildConfigurations = (
				7336A340256E790F00CB090D /* Debug */,
				7336A341256E790F00CB090D /* Release */,
			);
			defaultConfigurationIsVisible = 0;
			defaultConfigurationName = Release;
		};
		7336A342256E790F00CB090D /* Build configuration list for PBXNativeTarget "PoseStudyUITests" */ = {
			isa = XCConfigurationList;
			buildConfigurations = (
				7336A343256E790F00CB090D /* Debug */,
				7336A344256E790F00CB090D /* Release */,
			);
			defaultConfigurationIsVisible = 0;
			defaultConfigurationName = Release;
		};
/* End XCConfigurationList section */
	};
	rootObject = 7336A30F256E790D00CB090D /* Project object */;
}
